
Microsoft Visual Studio Solution File, Format Version 12.00
# Visual Studio 15
VisualStudioVersion = 15.0.28307.168
MinimumVisualStudioVersion = 10.0.40219.1
Project("{FAE04EC0-301F-11D3-BF4B-00C04F79EFBC}") = "HealthCatalystProject", "HealthCatalystProject\HealthCatalystProject.csproj", "{C7385168-E4E7-47BC-AAA1-1F0DF8B11FBF}"
EndProject
Project("{FAE04EC0-301F-11D3-BF4B-00C04F79EFBC}") = "HealthCatalystProject.Tests", "HealthCatalystProject.Tests\HealthCatalystProject.Tests.csproj", "{1AE6BCFA-1457-489B-BBBB-4C27B168B9C4}"
EndProject
Global
	GlobalSection(SolutionConfigurationPlatforms) = preSolution
		Debug|Any CPU = Debug|Any CPU
		Release|Any CPU = Release|Any CPU
	EndGlobalSection
	GlobalSection(ProjectConfigurationPlatforms) = postSolution
		{C7385168-E4E7-47BC-AAA1-1F0DF8B11FBF}.Debug|Any CPU.ActiveCfg = Debug|Any CPU
		{C7385168-E4E7-47BC-AAA1-1F0DF8B11FBF}.Debug|Any CPU.Build.0 = Debug|Any CPU
		{C7385168-E4E7-47BC-AAA1-1F0DF8B11FBF}.Release|Any CPU.ActiveCfg = Release|Any CPU
		{C7385168-E4E7-47BC-AAA1-1F0DF8B11FBF}.Release|Any CPU.Build.0 = Release|Any CPU
		{1AE6BCFA-1457-489B-BBBB-4C27B168B9C4}.Debug|Any CPU.ActiveCfg = Debug|Any CPU
		{1AE6BCFA-1457-489B-BBBB-4C27B168B9C4}.Debug|Any CPU.Build.0 = Debug|Any CPU
		{1AE6BCFA-1457-489B-BBBB-4C27B168B9C4}.Release|Any CPU.ActiveCfg = Release|Any CPU
		{1AE6BCFA-1457-489B-BBBB-4C27B168B9C4}.Release|Any CPU.Build.0 = Release|Any CPU
	EndGlobalSection
	GlobalSection(SolutionProperties) = preSolution
		HideSolutionNode = FALSE
	EndGlobalSection
	GlobalSection(ExtensibilityGlobals) = postSolution
		SolutionGuid = {7159EF4E-816A-40BA-95CD-8F1F0B38C8AF}
	EndGlobalSection
EndGlobal
